// !$*UTF8*$!
{
	archiveVersion = 1;
	classes = {
	};
	objectVersion = 56;
	objects = {

/* Begin PBXBuildFile section */
		12138B032BB0A03C00DF4BC4 /* Tab.swift in Sources */ = {isa = PBXBuildFile; fileRef = 12138B022BB0A03C00DF4BC4 /* Tab.swift */; };
		12138B052BB0A16000DF4BC4 /* TabBarHome.swift in Sources */ = {isa = PBXBuildFile; fileRef = 12138B042BB0A16000DF4BC4 /* TabBarHome.swift */; };
		12138B072BB0A1D400DF4BC4 /* TabPosition.swift in Sources */ = {isa = PBXBuildFile; fileRef = 12138B062BB0A1D400DF4BC4 /* TabPosition.swift */; };
		12138B092BB0A23900DF4BC4 /* TabShape.swift in Sources */ = {isa = PBXBuildFile; fileRef = 12138B082BB0A23900DF4BC4 /* TabShape.swift */; };
		12138B0E2BB1B7BF00DF4BC4 /* EditProfileView.swift in Sources */ = {isa = PBXBuildFile; fileRef = 12138B0D2BB1B7BF00DF4BC4 /* EditProfileView.swift */; };
		12138B142BB1F81900DF4BC4 /* TimeZoneView.swift in Sources */ = {isa = PBXBuildFile; fileRef = 12138B132BB1F81900DF4BC4 /* TimeZoneView.swift */; };
		12138B162BB1F84200DF4BC4 /* TimeZoneRow.swift in Sources */ = {isa = PBXBuildFile; fileRef = 12138B152BB1F84200DF4BC4 /* TimeZoneRow.swift */; };
		12138B542BB21BB200DF4BC4 /* TransactionsView.swift in Sources */ = {isa = PBXBuildFile; fileRef = 12138B532BB21BB200DF4BC4 /* TransactionsView.swift */; };
		1215ED732BAA34E0009B5B01 /* SavySpendApp.swift in Sources */ = {isa = PBXBuildFile; fileRef = 1215ED722BAA34E0009B5B01 /* SavySpendApp.swift */; };
		1215ED752BAA34E0009B5B01 /* ContentView.swift in Sources */ = {isa = PBXBuildFile; fileRef = 1215ED742BAA34E0009B5B01 /* ContentView.swift */; };
		1215ED772BAA34E2009B5B01 /* Assets.xcassets in Resources */ = {isa = PBXBuildFile; fileRef = 1215ED762BAA34E2009B5B01 /* Assets.xcassets */; };
		1215ED7B2BAA34E2009B5B01 /* Preview Assets.xcassets in Resources */ = {isa = PBXBuildFile; fileRef = 1215ED7A2BAA34E2009B5B01 /* Preview Assets.xcassets */; };
		1215ED852BAA34E2009B5B01 /* SavySpendTests.swift in Sources */ = {isa = PBXBuildFile; fileRef = 1215ED842BAA34E2009B5B01 /* SavySpendTests.swift */; };
		1215ED8F2BAA34E2009B5B01 /* SavySpendUITests.swift in Sources */ = {isa = PBXBuildFile; fileRef = 1215ED8E2BAA34E2009B5B01 /* SavySpendUITests.swift */; };
		1215ED912BAA34E2009B5B01 /* SavySpendUITestsLaunchTests.swift in Sources */ = {isa = PBXBuildFile; fileRef = 1215ED902BAA34E2009B5B01 /* SavySpendUITestsLaunchTests.swift */; };
		1215EDA12BAA3F89009B5B01 /* SettingsView.swift in Sources */ = {isa = PBXBuildFile; fileRef = 1215EDA02BAA3F89009B5B01 /* SettingsView.swift */; };
		1215EDA32BAA5AD1009B5B01 /* NotificationState.swift in Sources */ = {isa = PBXBuildFile; fileRef = 1215EDA22BAA5AD1009B5B01 /* NotificationState.swift */; };
		1215EDA52BAA72BB009B5B01 /* ThemeView.swift in Sources */ = {isa = PBXBuildFile; fileRef = 1215EDA42BAA72BB009B5B01 /* ThemeView.swift */; };
		1215EDA72BAA740A009B5B01 /* AboutUsView.swift in Sources */ = {isa = PBXBuildFile; fileRef = 1215EDA62BAA740A009B5B01 /* AboutUsView.swift */; };
		1215EDAB2BAA7ADE009B5B01 /* Transactions.swift in Sources */ = {isa = PBXBuildFile; fileRef = 1215EDAA2BAA7ADE009B5B01 /* Transactions.swift */; };
		1215EDAD2BAA7AFD009B5B01 /* Budget.swift in Sources */ = {isa = PBXBuildFile; fileRef = 1215EDAC2BAA7AFD009B5B01 /* Budget.swift */; };
		1215EDAF2BAA7B1F009B5B01 /* Category.swift in Sources */ = {isa = PBXBuildFile; fileRef = 1215EDAE2BAA7B1F009B5B01 /* Category.swift */; };
		1215EDB12BAA7B46009B5B01 /* ChartModel.swift in Sources */ = {isa = PBXBuildFile; fileRef = 1215EDB02BAA7B46009B5B01 /* ChartModel.swift */; };
		1215EDB32BAA7C0E009B5B01 /* TintColor.swift in Sources */ = {isa = PBXBuildFile; fileRef = 1215EDB22BAA7C0E009B5B01 /* TintColor.swift */; };
		1215EDB52BAA7C71009B5B01 /* UIConstants.swift in Sources */ = {isa = PBXBuildFile; fileRef = 1215EDB42BAA7C71009B5B01 /* UIConstants.swift */; };
		1215EDB72BAA7CB8009B5B01 /* CustomShareSheet.swift in Sources */ = {isa = PBXBuildFile; fileRef = 1215EDB62BAA7CB8009B5B01 /* CustomShareSheet.swift */; };
		1215EDB92BAA7CD3009B5B01 /* SwipeAction.swift in Sources */ = {isa = PBXBuildFile; fileRef = 1215EDB82BAA7CD3009B5B01 /* SwipeAction.swift */; };
		1215EDBB2BAA7D03009B5B01 /* HapticsManager.swift in Sources */ = {isa = PBXBuildFile; fileRef = 1215EDBA2BAA7D03009B5B01 /* HapticsManager.swift */; };
		1215EDBD2BAA7D33009B5B01 /* DateExtension.swift in Sources */ = {isa = PBXBuildFile; fileRef = 1215EDBC2BAA7D33009B5B01 /* DateExtension.swift */; };
		1215EDBF2BAA7D51009B5B01 /* ViewExtension.swift in Sources */ = {isa = PBXBuildFile; fileRef = 1215EDBE2BAA7D51009B5B01 /* ViewExtension.swift */; };
		1215EDC12BAA7EEF009B5B01 /* LoadingView.swift in Sources */ = {isa = PBXBuildFile; fileRef = 1215EDC02BAA7EEF009B5B01 /* LoadingView.swift */; };
		1215EDC52BAA84BC009B5B01 /* GraphView.swift in Sources */ = {isa = PBXBuildFile; fileRef = 1215EDC42BAA84BC009B5B01 /* GraphView.swift */; };
		1215EDC82BAA8564009B5B01 /* HelpView.swift in Sources */ = {isa = PBXBuildFile; fileRef = 1215EDC72BAA8564009B5B01 /* HelpView.swift */; };
		1215EDCA2BAA85DA009B5B01 /* FilterTransactionView.swift in Sources */ = {isa = PBXBuildFile; fileRef = 1215EDC92BAA85DA009B5B01 /* FilterTransactionView.swift */; };
		1215EDCC2BAA863F009B5B01 /* TransactionCardView.swift in Sources */ = {isa = PBXBuildFile; fileRef = 1215EDCB2BAA863F009B5B01 /* TransactionCardView.swift */; };
		1215EDD02BAA866B009B5B01 /* DateFilterView.swift in Sources */ = {isa = PBXBuildFile; fileRef = 1215EDCF2BAA866B009B5B01 /* DateFilterView.swift */; };
		1215EDD22BAA86B7009B5B01 /* AddTransaction.swift in Sources */ = {isa = PBXBuildFile; fileRef = 1215EDD12BAA86B7009B5B01 /* AddTransaction.swift */; };
		1215EDD42BAA86D7009B5B01 /* ButtonMenu.swift in Sources */ = {isa = PBXBuildFile; fileRef = 1215EDD32BAA86D7009B5B01 /* ButtonMenu.swift */; };
		1215EDD62BAB22B6009B5B01 /* CardView.swift in Sources */ = {isa = PBXBuildFile; fileRef = 1215EDD52BAB22B6009B5B01 /* CardView.swift */; };
		1215EDD82BAB265A009B5B01 /* EditTransaction.swift in Sources */ = {isa = PBXBuildFile; fileRef = 1215EDD72BAB265A009B5B01 /* EditTransaction.swift */; };
		1215EDDA2BAB28F6009B5B01 /* BudgetsView.swift in Sources */ = {isa = PBXBuildFile; fileRef = 1215EDD92BAB28F6009B5B01 /* BudgetsView.swift */; };
		1215EDDC2BAB3462009B5B01 /* AddBudget.swift in Sources */ = {isa = PBXBuildFile; fileRef = 1215EDDB2BAB3462009B5B01 /* AddBudget.swift */; };
		1215EDE12BAB49DB009B5B01 /* ProfileView.swift in Sources */ = {isa = PBXBuildFile; fileRef = 1215EDE02BAB49DB009B5B01 /* ProfileView.swift */; };
		1215EE242BACC43A009B5B01 /* User.swift in Sources */ = {isa = PBXBuildFile; fileRef = 1215EE232BACC43A009B5B01 /* User.swift */; };
		12348D582BAE0D4B003903E6 /* CollectionsView.swift in Sources */ = {isa = PBXBuildFile; fileRef = 12348D572BAE0D4B003903E6 /* CollectionsView.swift */; };
		12348D5A2BAE0D75003903E6 /* ThreeDots.swift in Sources */ = {isa = PBXBuildFile; fileRef = 12348D592BAE0D75003903E6 /* ThreeDots.swift */; };
		12348D5F2BAE107C003903E6 /* FeedCell.swift in Sources */ = {isa = PBXBuildFile; fileRef = 12348D5E2BAE107C003903E6 /* FeedCell.swift */; };
		125982452BB39CA700D2EE24 /* InvestmentsView.swift in Sources */ = {isa = PBXBuildFile; fileRef = 125982442BB39CA700D2EE24 /* InvestmentsView.swift */; };
/* End PBXBuildFile section */

/* Begin PBXContainerItemProxy section */
		1215ED812BAA34E2009B5B01 /* PBXContainerItemProxy */ = {
			isa = PBXContainerItemProxy;
			containerPortal = 1215ED672BAA34E0009B5B01 /* Project object */;
			proxyType = 1;
			remoteGlobalIDString = 1215ED6E2BAA34E0009B5B01;
			remoteInfo = SavySpend;
		};
		1215ED8B2BAA34E2009B5B01 /* PBXContainerItemProxy */ = {
			isa = PBXContainerItemProxy;
			containerPortal = 1215ED672BAA34E0009B5B01 /* Project object */;
			proxyType = 1;
			remoteGlobalIDString = 1215ED6E2BAA34E0009B5B01;
			remoteInfo = SavySpend;
		};
/* End PBXContainerItemProxy section */

/* Begin PBXFileReference section */
		12138B022BB0A03C00DF4BC4 /* Tab.swift */ = {isa = PBXFileReference; lastKnownFileType = sourcecode.swift; path = Tab.swift; sourceTree = "<group>"; };
		12138B042BB0A16000DF4BC4 /* TabBarHome.swift */ = {isa = PBXFileReference; lastKnownFileType = sourcecode.swift; path = TabBarHome.swift; sourceTree = "<group>"; };
		12138B062BB0A1D400DF4BC4 /* TabPosition.swift */ = {isa = PBXFileReference; lastKnownFileType = sourcecode.swift; path = TabPosition.swift; sourceTree = "<group>"; };
		12138B082BB0A23900DF4BC4 /* TabShape.swift */ = {isa = PBXFileReference; lastKnownFileType = sourcecode.swift; path = TabShape.swift; sourceTree = "<group>"; };
		12138B0D2BB1B7BF00DF4BC4 /* EditProfileView.swift */ = {isa = PBXFileReference; lastKnownFileType = sourcecode.swift; path = EditProfileView.swift; sourceTree = "<group>"; };
		12138B132BB1F81900DF4BC4 /* TimeZoneView.swift */ = {isa = PBXFileReference; lastKnownFileType = sourcecode.swift; path = TimeZoneView.swift; sourceTree = "<group>"; };
		12138B152BB1F84200DF4BC4 /* TimeZoneRow.swift */ = {isa = PBXFileReference; lastKnownFileType = sourcecode.swift; path = TimeZoneRow.swift; sourceTree = "<group>"; };
		12138B532BB21BB200DF4BC4 /* TransactionsView.swift */ = {isa = PBXFileReference; lastKnownFileType = sourcecode.swift; path = TransactionsView.swift; sourceTree = "<group>"; };
		1215ED6F2BAA34E0009B5B01 /* SavySpend.app */ = {isa = PBXFileReference; explicitFileType = wrapper.application; includeInIndex = 0; path = SavySpend.app; sourceTree = BUILT_PRODUCTS_DIR; };
		1215ED722BAA34E0009B5B01 /* SavySpendApp.swift */ = {isa = PBXFileReference; lastKnownFileType = sourcecode.swift; path = SavySpendApp.swift; sourceTree = "<group>"; };
		1215ED742BAA34E0009B5B01 /* ContentView.swift */ = {isa = PBXFileReference; lastKnownFileType = sourcecode.swift; path = ContentView.swift; sourceTree = "<group>"; };
		1215ED762BAA34E2009B5B01 /* Assets.xcassets */ = {isa = PBXFileReference; lastKnownFileType = folder.assetcatalog; path = Assets.xcassets; sourceTree = "<group>"; };
		1215ED782BAA34E2009B5B01 /* SavySpend.entitlements */ = {isa = PBXFileReference; lastKnownFileType = text.plist.entitlements; path = SavySpend.entitlements; sourceTree = "<group>"; };
		1215ED7A2BAA34E2009B5B01 /* Preview Assets.xcassets */ = {isa = PBXFileReference; lastKnownFileType = folder.assetcatalog; path = "Preview Assets.xcassets"; sourceTree = "<group>"; };
		1215ED802BAA34E2009B5B01 /* SavySpendTests.xctest */ = {isa = PBXFileReference; explicitFileType = wrapper.cfbundle; includeInIndex = 0; path = SavySpendTests.xctest; sourceTree = BUILT_PRODUCTS_DIR; };
		1215ED842BAA34E2009B5B01 /* SavySpendTests.swift */ = {isa = PBXFileReference; lastKnownFileType = sourcecode.swift; path = SavySpendTests.swift; sourceTree = "<group>"; };
		1215ED8A2BAA34E2009B5B01 /* SavySpendUITests.xctest */ = {isa = PBXFileReference; explicitFileType = wrapper.cfbundle; includeInIndex = 0; path = SavySpendUITests.xctest; sourceTree = BUILT_PRODUCTS_DIR; };
		1215ED8E2BAA34E2009B5B01 /* SavySpendUITests.swift */ = {isa = PBXFileReference; lastKnownFileType = sourcecode.swift; path = SavySpendUITests.swift; sourceTree = "<group>"; };
		1215ED902BAA34E2009B5B01 /* SavySpendUITestsLaunchTests.swift */ = {isa = PBXFileReference; lastKnownFileType = sourcecode.swift; path = SavySpendUITestsLaunchTests.swift; sourceTree = "<group>"; };
		1215EDA02BAA3F89009B5B01 /* SettingsView.swift */ = {isa = PBXFileReference; lastKnownFileType = sourcecode.swift; path = SettingsView.swift; sourceTree = "<group>"; };
		1215EDA22BAA5AD1009B5B01 /* NotificationState.swift */ = {isa = PBXFileReference; lastKnownFileType = sourcecode.swift; path = NotificationState.swift; sourceTree = "<group>"; };
		1215EDA42BAA72BB009B5B01 /* ThemeView.swift */ = {isa = PBXFileReference; lastKnownFileType = sourcecode.swift; path = ThemeView.swift; sourceTree = "<group>"; };
		1215EDA62BAA740A009B5B01 /* AboutUsView.swift */ = {isa = PBXFileReference; lastKnownFileType = sourcecode.swift; path = AboutUsView.swift; sourceTree = "<group>"; };
		1215EDAA2BAA7ADE009B5B01 /* Transactions.swift */ = {isa = PBXFileReference; lastKnownFileType = sourcecode.swift; path = Transactions.swift; sourceTree = "<group>"; };
		1215EDAC2BAA7AFD009B5B01 /* Budget.swift */ = {isa = PBXFileReference; lastKnownFileType = sourcecode.swift; path = Budget.swift; sourceTree = "<group>"; };
		1215EDAE2BAA7B1F009B5B01 /* Category.swift */ = {isa = PBXFileReference; lastKnownFileType = sourcecode.swift; path = Category.swift; sourceTree = "<group>"; };
		1215EDB02BAA7B46009B5B01 /* ChartModel.swift */ = {isa = PBXFileReference; lastKnownFileType = sourcecode.swift; path = ChartModel.swift; sourceTree = "<group>"; };
		1215EDB22BAA7C0E009B5B01 /* TintColor.swift */ = {isa = PBXFileReference; lastKnownFileType = sourcecode.swift; path = TintColor.swift; sourceTree = "<group>"; };
		1215EDB42BAA7C71009B5B01 /* UIConstants.swift */ = {isa = PBXFileReference; lastKnownFileType = sourcecode.swift; path = UIConstants.swift; sourceTree = "<group>"; };
		1215EDB62BAA7CB8009B5B01 /* CustomShareSheet.swift */ = {isa = PBXFileReference; lastKnownFileType = sourcecode.swift; path = CustomShareSheet.swift; sourceTree = "<group>"; };
		1215EDB82BAA7CD3009B5B01 /* SwipeAction.swift */ = {isa = PBXFileReference; lastKnownFileType = sourcecode.swift; path = SwipeAction.swift; sourceTree = "<group>"; };
		1215EDBA2BAA7D03009B5B01 /* HapticsManager.swift */ = {isa = PBXFileReference; lastKnownFileType = sourcecode.swift; path = HapticsManager.swift; sourceTree = "<group>"; };
		1215EDBC2BAA7D33009B5B01 /* DateExtension.swift */ = {isa = PBXFileReference; lastKnownFileType = sourcecode.swift; path = DateExtension.swift; sourceTree = "<group>"; };
		1215EDBE2BAA7D51009B5B01 /* ViewExtension.swift */ = {isa = PBXFileReference; lastKnownFileType = sourcecode.swift; path = ViewExtension.swift; sourceTree = "<group>"; };
		1215EDC02BAA7EEF009B5B01 /* LoadingView.swift */ = {isa = PBXFileReference; lastKnownFileType = sourcecode.swift; path = LoadingView.swift; sourceTree = "<group>"; };
		1215EDC42BAA84BC009B5B01 /* GraphView.swift */ = {isa = PBXFileReference; lastKnownFileType = sourcecode.swift; path = GraphView.swift; sourceTree = "<group>"; };
		1215EDC72BAA8564009B5B01 /* HelpView.swift */ = {isa = PBXFileReference; lastKnownFileType = sourcecode.swift; path = HelpView.swift; sourceTree = "<group>"; };
		1215EDC92BAA85DA009B5B01 /* FilterTransactionView.swift */ = {isa = PBXFileReference; lastKnownFileType = sourcecode.swift; path = FilterTransactionView.swift; sourceTree = "<group>"; };
		1215EDCB2BAA863F009B5B01 /* TransactionCardView.swift */ = {isa = PBXFileReference; lastKnownFileType = sourcecode.swift; path = TransactionCardView.swift; sourceTree = "<group>"; };
		1215EDCF2BAA866B009B5B01 /* DateFilterView.swift */ = {isa = PBXFileReference; lastKnownFileType = sourcecode.swift; path = DateFilterView.swift; sourceTree = "<group>"; };
		1215EDD12BAA86B7009B5B01 /* AddTransaction.swift */ = {isa = PBXFileReference; lastKnownFileType = sourcecode.swift; path = AddTransaction.swift; sourceTree = "<group>"; };
		1215EDD32BAA86D7009B5B01 /* ButtonMenu.swift */ = {isa = PBXFileReference; lastKnownFileType = sourcecode.swift; path = ButtonMenu.swift; sourceTree = "<group>"; };
		1215EDD52BAB22B6009B5B01 /* CardView.swift */ = {isa = PBXFileReference; lastKnownFileType = sourcecode.swift; path = CardView.swift; sourceTree = "<group>"; };
		1215EDD72BAB265A009B5B01 /* EditTransaction.swift */ = {isa = PBXFileReference; lastKnownFileType = sourcecode.swift; path = EditTransaction.swift; sourceTree = "<group>"; };
		1215EDD92BAB28F6009B5B01 /* BudgetsView.swift */ = {isa = PBXFileReference; lastKnownFileType = sourcecode.swift; path = BudgetsView.swift; sourceTree = "<group>"; };
		1215EDDB2BAB3462009B5B01 /* AddBudget.swift */ = {isa = PBXFileReference; lastKnownFileType = sourcecode.swift; path = AddBudget.swift; sourceTree = "<group>"; };
		1215EDE02BAB49DB009B5B01 /* ProfileView.swift */ = {isa = PBXFileReference; lastKnownFileType = sourcecode.swift; path = ProfileView.swift; sourceTree = "<group>"; };
		1215EE232BACC43A009B5B01 /* User.swift */ = {isa = PBXFileReference; lastKnownFileType = sourcecode.swift; path = User.swift; sourceTree = "<group>"; };
		12348D572BAE0D4B003903E6 /* CollectionsView.swift */ = {isa = PBXFileReference; lastKnownFileType = sourcecode.swift; path = CollectionsView.swift; sourceTree = "<group>"; };
		12348D592BAE0D75003903E6 /* ThreeDots.swift */ = {isa = PBXFileReference; lastKnownFileType = sourcecode.swift; path = ThreeDots.swift; sourceTree = "<group>"; };
		12348D5E2BAE107C003903E6 /* FeedCell.swift */ = {isa = PBXFileReference; lastKnownFileType = sourcecode.swift; path = FeedCell.swift; sourceTree = "<group>"; };
		125982442BB39CA700D2EE24 /* InvestmentsView.swift */ = {isa = PBXFileReference; lastKnownFileType = sourcecode.swift; path = InvestmentsView.swift; sourceTree = "<group>"; };
/* End PBXFileReference section */

/* Begin PBXFrameworksBuildPhase section */
		1215ED6C2BAA34E0009B5B01 /* Frameworks */ = {
			isa = PBXFrameworksBuildPhase;
			buildActionMask = 2147483647;
			files = (
			);
			runOnlyForDeploymentPostprocessing = 0;
		};
		1215ED7D2BAA34E2009B5B01 /* Frameworks */ = {
			isa = PBXFrameworksBuildPhase;
			buildActionMask = 2147483647;
			files = (
			);
			runOnlyForDeploymentPostprocessing = 0;
		};
		1215ED872BAA34E2009B5B01 /* Frameworks */ = {
			isa = PBXFrameworksBuildPhase;
			buildActionMask = 2147483647;
			files = (
			);
			runOnlyForDeploymentPostprocessing = 0;
		};
/* End PBXFrameworksBuildPhase section */

/* Begin PBXGroup section */
		12138B0A2BB0A8EF00DF4BC4 /* TabBar */ = {
			isa = PBXGroup;
			children = (
				12138B082BB0A23900DF4BC4 /* TabShape.swift */,
				12138B062BB0A1D400DF4BC4 /* TabPosition.swift */,
				12138B022BB0A03C00DF4BC4 /* Tab.swift */,
			);
			path = TabBar;
			sourceTree = "<group>";
		};
		1215ED662BAA34E0009B5B01 = {
			isa = PBXGroup;
			children = (
				1215ED712BAA34E0009B5B01 /* SavySpend */,
				1215ED832BAA34E2009B5B01 /* SavySpendTests */,
				1215ED8D2BAA34E2009B5B01 /* SavySpendUITests */,
				1215ED702BAA34E0009B5B01 /* Products */,
			);
			sourceTree = "<group>";
		};
		1215ED702BAA34E0009B5B01 /* Products */ = {
			isa = PBXGroup;
			children = (
				1215ED6F2BAA34E0009B5B01 /* SavySpend.app */,
				1215ED802BAA34E2009B5B01 /* SavySpendTests.xctest */,
				1215ED8A2BAA34E2009B5B01 /* SavySpendUITests.xctest */,
			);
			name = Products;
			sourceTree = "<group>";
		};
		1215ED712BAA34E0009B5B01 /* SavySpend */ = {
			isa = PBXGroup;
			children = (
				1215ED722BAA34E0009B5B01 /* SavySpendApp.swift */,
				1215ED9F2BAA3F56009B5B01 /* Helpers */,
				1215ED9E2BAA3F4E009B5B01 /* Models */,
				12138B0A2BB0A8EF00DF4BC4 /* TabBar */,
				1215ED9D2BAA3F45009B5B01 /* Views */,
				1215ED762BAA34E2009B5B01 /* Assets.xcassets */,
				1215ED782BAA34E2009B5B01 /* SavySpend.entitlements */,
				1215ED792BAA34E2009B5B01 /* Preview Content */,
			);
			path = SavySpend;
			sourceTree = "<group>";
		};
		1215ED792BAA34E2009B5B01 /* Preview Content */ = {
			isa = PBXGroup;
			children = (
				1215ED7A2BAA34E2009B5B01 /* Preview Assets.xcassets */,
			);
			path = "Preview Content";
			sourceTree = "<group>";
		};
		1215ED832BAA34E2009B5B01 /* SavySpendTests */ = {
			isa = PBXGroup;
			children = (
				1215ED842BAA34E2009B5B01 /* SavySpendTests.swift */,
			);
			path = SavySpendTests;
			sourceTree = "<group>";
		};
		1215ED8D2BAA34E2009B5B01 /* SavySpendUITests */ = {
			isa = PBXGroup;
			children = (
				1215ED8E2BAA34E2009B5B01 /* SavySpendUITests.swift */,
				1215ED902BAA34E2009B5B01 /* SavySpendUITestsLaunchTests.swift */,
			);
			path = SavySpendUITests;
			sourceTree = "<group>";
		};
		1215ED9D2BAA3F45009B5B01 /* Views */ = {
			isa = PBXGroup;
			children = (
				12138B042BB0A16000DF4BC4 /* TabBarHome.swift */,
				12348D5B2BAE0F79003903E6 /* Profile */,
				1215EDDE2BAB3B35009B5B01 /* HelperViews */,
				1215EDDF2BAB3B6C009B5B01 /* Budget */,
				1215EDDD2BAB3AFE009B5B01 /* Transaction */,
				1215EDC62BAA852B009B5B01 /* Settings */,
				1215ED742BAA34E0009B5B01 /* ContentView.swift */,
				12138B132BB1F81900DF4BC4 /* TimeZoneView.swift */,
				12138B152BB1F84200DF4BC4 /* TimeZoneRow.swift */,
				125982442BB39CA700D2EE24 /* InvestmentsView.swift */,
			);
			path = Views;
			sourceTree = "<group>";
		};
		1215ED9E2BAA3F4E009B5B01 /* Models */ = {
			isa = PBXGroup;
			children = (
				1215EDA22BAA5AD1009B5B01 /* NotificationState.swift */,
				1215EDAA2BAA7ADE009B5B01 /* Transactions.swift */,
				1215EDAC2BAA7AFD009B5B01 /* Budget.swift */,
				1215EDAE2BAA7B1F009B5B01 /* Category.swift */,
				1215EDB02BAA7B46009B5B01 /* ChartModel.swift */,
				1215EE232BACC43A009B5B01 /* User.swift */,
			);
			path = Models;
			sourceTree = "<group>";
		};
		1215ED9F2BAA3F56009B5B01 /* Helpers */ = {
			isa = PBXGroup;
			children = (
				1215EDB22BAA7C0E009B5B01 /* TintColor.swift */,
				1215EDB42BAA7C71009B5B01 /* UIConstants.swift */,
				1215EDB62BAA7CB8009B5B01 /* CustomShareSheet.swift */,
				1215EDB82BAA7CD3009B5B01 /* SwipeAction.swift */,
				1215EDBA2BAA7D03009B5B01 /* HapticsManager.swift */,
				1215EDBC2BAA7D33009B5B01 /* DateExtension.swift */,
				1215EDBE2BAA7D51009B5B01 /* ViewExtension.swift */,
			);
			path = Helpers;
			sourceTree = "<group>";
		};
		1215EDC62BAA852B009B5B01 /* Settings */ = {
			isa = PBXGroup;
			children = (
				1215EDA42BAA72BB009B5B01 /* ThemeView.swift */,
				1215EDA62BAA740A009B5B01 /* AboutUsView.swift */,
				1215EDA02BAA3F89009B5B01 /* SettingsView.swift */,
				1215EDC72BAA8564009B5B01 /* HelpView.swift */,
			);
			path = Settings;
			sourceTree = "<group>";
		};
		1215EDDD2BAB3AFE009B5B01 /* Transaction */ = {
			isa = PBXGroup;
			children = (
				1215EDD12BAA86B7009B5B01 /* AddTransaction.swift */,
				1215EDD72BAB265A009B5B01 /* EditTransaction.swift */,
				1215EDC42BAA84BC009B5B01 /* GraphView.swift */,
				1215EDCB2BAA863F009B5B01 /* TransactionCardView.swift */,
				1215EDC92BAA85DA009B5B01 /* FilterTransactionView.swift */,
				12348D5E2BAE107C003903E6 /* FeedCell.swift */,
				12138B532BB21BB200DF4BC4 /* TransactionsView.swift */,
			);
			path = Transaction;
			sourceTree = "<group>";
		};
		1215EDDE2BAB3B35009B5B01 /* HelperViews */ = {
			isa = PBXGroup;
			children = (
				1215EDC02BAA7EEF009B5B01 /* LoadingView.swift */,
				1215EDCF2BAA866B009B5B01 /* DateFilterView.swift */,
				1215EDD52BAB22B6009B5B01 /* CardView.swift */,
				1215EDD32BAA86D7009B5B01 /* ButtonMenu.swift */,
				12348D592BAE0D75003903E6 /* ThreeDots.swift */,
			);
			path = HelperViews;
			sourceTree = "<group>";
		};
		1215EDDF2BAB3B6C009B5B01 /* Budget */ = {
			isa = PBXGroup;
			children = (
				1215EDDB2BAB3462009B5B01 /* AddBudget.swift */,
				1215EDD92BAB28F6009B5B01 /* BudgetsView.swift */,
			);
			path = Budget;
			sourceTree = "<group>";
		};
		12348D5B2BAE0F79003903E6 /* Profile */ = {
			isa = PBXGroup;
			children = (
				12348D572BAE0D4B003903E6 /* CollectionsView.swift */,
				1215EDE02BAB49DB009B5B01 /* ProfileView.swift */,
				12138B0D2BB1B7BF00DF4BC4 /* EditProfileView.swift */,
			);
			path = Profile;
			sourceTree = "<group>";
		};
/* End PBXGroup section */

/* Begin PBXNativeTarget section */
		1215ED6E2BAA34E0009B5B01 /* SavySpend */ = {
			isa = PBXNativeTarget;
			buildConfigurationList = 1215ED942BAA34E2009B5B01 /* Build configuration list for PBXNativeTarget "SavySpend" */;
			buildPhases = (
				1215ED6B2BAA34E0009B5B01 /* Sources */,
				1215ED6C2BAA34E0009B5B01 /* Frameworks */,
				1215ED6D2BAA34E0009B5B01 /* Resources */,
			);
			buildRules = (
			);
			dependencies = (
			);
			name = SavySpend;
			productName = SavySpend;
			productReference = 1215ED6F2BAA34E0009B5B01 /* SavySpend.app */;
			productType = "com.apple.product-type.application";
		};
		1215ED7F2BAA34E2009B5B01 /* SavySpendTests */ = {
			isa = PBXNativeTarget;
			buildConfigurationList = 1215ED972BAA34E2009B5B01 /* Build configuration list for PBXNativeTarget "SavySpendTests" */;
			buildPhases = (
				1215ED7C2BAA34E2009B5B01 /* Sources */,
				1215ED7D2BAA34E2009B5B01 /* Frameworks */,
				1215ED7E2BAA34E2009B5B01 /* Resources */,
			);
			buildRules = (
			);
			dependencies = (
				1215ED822BAA34E2009B5B01 /* PBXTargetDependency */,
			);
			name = SavySpendTests;
			productName = SavySpendTests;
			productReference = 1215ED802BAA34E2009B5B01 /* SavySpendTests.xctest */;
			productType = "com.apple.product-type.bundle.unit-test";
		};
		1215ED892BAA34E2009B5B01 /* SavySpendUITests */ = {
			isa = PBXNativeTarget;
			buildConfigurationList = 1215ED9A2BAA34E2009B5B01 /* Build configuration list for PBXNativeTarget "SavySpendUITests" */;
			buildPhases = (
				1215ED862BAA34E2009B5B01 /* Sources */,
				1215ED872BAA34E2009B5B01 /* Frameworks */,
				1215ED882BAA34E2009B5B01 /* Resources */,
			);
			buildRules = (
			);
			dependencies = (
				1215ED8C2BAA34E2009B5B01 /* PBXTargetDependency */,
			);
			name = SavySpendUITests;
			productName = SavySpendUITests;
			productReference = 1215ED8A2BAA34E2009B5B01 /* SavySpendUITests.xctest */;
			productType = "com.apple.product-type.bundle.ui-testing";
		};
/* End PBXNativeTarget section */

/* Begin PBXProject section */
		1215ED672BAA34E0009B5B01 /* Project object */ = {
			isa = PBXProject;
			attributes = {
				BuildIndependentTargetsInParallel = 1;
				LastSwiftUpdateCheck = 1530;
				LastUpgradeCheck = 1530;
				TargetAttributes = {
					1215ED6E2BAA34E0009B5B01 = {
						CreatedOnToolsVersion = 15.3;
					};
					1215ED7F2BAA34E2009B5B01 = {
						CreatedOnToolsVersion = 15.3;
						TestTargetID = 1215ED6E2BAA34E0009B5B01;
					};
					1215ED892BAA34E2009B5B01 = {
						CreatedOnToolsVersion = 15.3;
						TestTargetID = 1215ED6E2BAA34E0009B5B01;
					};
				};
			};
			buildConfigurationList = 1215ED6A2BAA34E0009B5B01 /* Build configuration list for PBXProject "SavySpend" */;
			compatibilityVersion = "Xcode 14.0";
			developmentRegion = en;
			hasScannedForEncodings = 0;
			knownRegions = (
				en,
				Base,
			);
			mainGroup = 1215ED662BAA34E0009B5B01;
			productRefGroup = 1215ED702BAA34E0009B5B01 /* Products */;
			projectDirPath = "";
			projectRoot = "";
			targets = (
				1215ED6E2BAA34E0009B5B01 /* SavySpend */,
				1215ED7F2BAA34E2009B5B01 /* SavySpendTests */,
				1215ED892BAA34E2009B5B01 /* SavySpendUITests */,
			);
		};
/* End PBXProject section */

/* Begin PBXResourcesBuildPhase section */
		1215ED6D2BAA34E0009B5B01 /* Resources */ = {
			isa = PBXResourcesBuildPhase;
			buildActionMask = 2147483647;
			files = (
				1215ED7B2BAA34E2009B5B01 /* Preview Assets.xcassets in Resources */,
				1215ED772BAA34E2009B5B01 /* Assets.xcassets in Resources */,
			);
			runOnlyForDeploymentPostprocessing = 0;
		};
		1215ED7E2BAA34E2009B5B01 /* Resources */ = {
			isa = PBXResourcesBuildPhase;
			buildActionMask = 2147483647;
			files = (
			);
			runOnlyForDeploymentPostprocessing = 0;
		};
		1215ED882BAA34E2009B5B01 /* Resources */ = {
			isa = PBXResourcesBuildPhase;
			buildActionMask = 2147483647;
			files = (
			);
			runOnlyForDeploymentPostprocessing = 0;
		};
/* End PBXResourcesBuildPhase section */

/* Begin PBXSourcesBuildPhase section */
		1215ED6B2BAA34E0009B5B01 /* Sources */ = {
			isa = PBXSourcesBuildPhase;
			buildActionMask = 2147483647;
			files = (
				1215EDD42BAA86D7009B5B01 /* ButtonMenu.swift in Sources */,
				12138B162BB1F84200DF4BC4 /* TimeZoneRow.swift in Sources */,
				1215EDBF2BAA7D51009B5B01 /* ViewExtension.swift in Sources */,
				1215EDA12BAA3F89009B5B01 /* SettingsView.swift in Sources */,
				1215EDD02BAA866B009B5B01 /* DateFilterView.swift in Sources */,
				1215EE242BACC43A009B5B01 /* User.swift in Sources */,
				1215EDBD2BAA7D33009B5B01 /* DateExtension.swift in Sources */,
				125982452BB39CA700D2EE24 /* InvestmentsView.swift in Sources */,
				12348D5A2BAE0D75003903E6 /* ThreeDots.swift in Sources */,
				1215EDAF2BAA7B1F009B5B01 /* Category.swift in Sources */,
				12138B092BB0A23900DF4BC4 /* TabShape.swift in Sources */,
				12138B0E2BB1B7BF00DF4BC4 /* EditProfileView.swift in Sources */,
				1215EDB72BAA7CB8009B5B01 /* CustomShareSheet.swift in Sources */,
				12348D582BAE0D4B003903E6 /* CollectionsView.swift in Sources */,
				1215EDC82BAA8564009B5B01 /* HelpView.swift in Sources */,
				12138B052BB0A16000DF4BC4 /* TabBarHome.swift in Sources */,
				1215EDDC2BAB3462009B5B01 /* AddBudget.swift in Sources */,
				12138B032BB0A03C00DF4BC4 /* Tab.swift in Sources */,
				1215ED752BAA34E0009B5B01 /* ContentView.swift in Sources */,
				1215EDB32BAA7C0E009B5B01 /* TintColor.swift in Sources */,
				1215EDBB2BAA7D03009B5B01 /* HapticsManager.swift in Sources */,
				12348D5F2BAE107C003903E6 /* FeedCell.swift in Sources */,
				1215EDB52BAA7C71009B5B01 /* UIConstants.swift in Sources */,
				1215EDA32BAA5AD1009B5B01 /* NotificationState.swift in Sources */,
				12138B142BB1F81900DF4BC4 /* TimeZoneView.swift in Sources */,
				1215EDD62BAB22B6009B5B01 /* CardView.swift in Sources */,
				1215EDA52BAA72BB009B5B01 /* ThemeView.swift in Sources */,
				1215EDAD2BAA7AFD009B5B01 /* Budget.swift in Sources */,
				12138B542BB21BB200DF4BC4 /* TransactionsView.swift in Sources */,
				1215EDE12BAB49DB009B5B01 /* ProfileView.swift in Sources */,
				1215EDD82BAB265A009B5B01 /* EditTransaction.swift in Sources */,
				1215EDDA2BAB28F6009B5B01 /* BudgetsView.swift in Sources */,
				1215EDC52BAA84BC009B5B01 /* GraphView.swift in Sources */,
				1215EDCA2BAA85DA009B5B01 /* FilterTransactionView.swift in Sources */,
				1215EDA72BAA740A009B5B01 /* AboutUsView.swift in Sources */,
				1215EDD22BAA86B7009B5B01 /* AddTransaction.swift in Sources */,
				12138B072BB0A1D400DF4BC4 /* TabPosition.swift in Sources */,
				1215EDB12BAA7B46009B5B01 /* ChartModel.swift in Sources */,
				1215EDAB2BAA7ADE009B5B01 /* Transactions.swift in Sources */,
				1215ED732BAA34E0009B5B01 /* SavySpendApp.swift in Sources */,
				1215EDC12BAA7EEF009B5B01 /* LoadingView.swift in Sources */,
				1215EDB92BAA7CD3009B5B01 /* SwipeAction.swift in Sources */,
				1215EDCC2BAA863F009B5B01 /* TransactionCardView.swift in Sources */,
			);
			runOnlyForDeploymentPostprocessing = 0;
		};
		1215ED7C2BAA34E2009B5B01 /* Sources */ = {
			isa = PBXSourcesBuildPhase;
			buildActionMask = 2147483647;
			files = (
				1215ED852BAA34E2009B5B01 /* SavySpendTests.swift in Sources */,
			);
			runOnlyForDeploymentPostprocessing = 0;
		};
		1215ED862BAA34E2009B5B01 /* Sources */ = {
			isa = PBXSourcesBuildPhase;
			buildActionMask = 2147483647;
			files = (
				1215ED912BAA34E2009B5B01 /* SavySpendUITestsLaunchTests.swift in Sources */,
				1215ED8F2BAA34E2009B5B01 /* SavySpendUITests.swift in Sources */,
			);
			runOnlyForDeploymentPostprocessing = 0;
		};
/* End PBXSourcesBuildPhase section */

/* Begin PBXTargetDependency section */
		1215ED822BAA34E2009B5B01 /* PBXTargetDependency */ = {
			isa = PBXTargetDependency;
			target = 1215ED6E2BAA34E0009B5B01 /* SavySpend */;
			targetProxy = 1215ED812BAA34E2009B5B01 /* PBXContainerItemProxy */;
		};
		1215ED8C2BAA34E2009B5B01 /* PBXTargetDependency */ = {
			isa = PBXTargetDependency;
			target = 1215ED6E2BAA34E0009B5B01 /* SavySpend */;
			targetProxy = 1215ED8B2BAA34E2009B5B01 /* PBXContainerItemProxy */;
		};
/* End PBXTargetDependency section */

/* Begin XCBuildConfiguration section */
		1215ED922BAA34E2009B5B01 /* Debug */ = {
			isa = XCBuildConfiguration;
			buildSettings = {
				ALWAYS_SEARCH_USER_PATHS = NO;
				ASSETCATALOG_COMPILER_GENERATE_SWIFT_ASSET_SYMBOL_EXTENSIONS = YES;
				CLANG_ANALYZER_NONNULL = YES;
				CLANG_ANALYZER_NUMBER_OBJECT_CONVERSION = YES_AGGRESSIVE;
				CLANG_CXX_LANGUAGE_STANDARD = "gnu++20";
				CLANG_ENABLE_MODULES = YES;
				CLANG_ENABLE_OBJC_ARC = YES;
				CLANG_ENABLE_OBJC_WEAK = YES;
				CLANG_WARN_BLOCK_CAPTURE_AUTORELEASING = YES;
				CLANG_WARN_BOOL_CONVERSION = YES;
				CLANG_WARN_COMMA = YES;
				CLANG_WARN_CONSTANT_CONVERSION = YES;
				CLANG_WARN_DEPRECATED_OBJC_IMPLEMENTATIONS = YES;
				CLANG_WARN_DIRECT_OBJC_ISA_USAGE = YES_ERROR;
				CLANG_WARN_DOCUMENTATION_COMMENTS = YES;
				CLANG_WARN_EMPTY_BODY = YES;
				CLANG_WARN_ENUM_CONVERSION = YES;
				CLANG_WARN_INFINITE_RECURSION = YES;
				CLANG_WARN_INT_CONVERSION = YES;
				CLANG_WARN_NON_LITERAL_NULL_CONVERSION = YES;
				CLANG_WARN_OBJC_IMPLICIT_RETAIN_SELF = YES;
				CLANG_WARN_OBJC_LITERAL_CONVERSION = YES;
				CLANG_WARN_OBJC_ROOT_CLASS = YES_ERROR;
				CLANG_WARN_QUOTED_INCLUDE_IN_FRAMEWORK_HEADER = YES;
				CLANG_WARN_RANGE_LOOP_ANALYSIS = YES;
				CLANG_WARN_STRICT_PROTOTYPES = YES;
				CLANG_WARN_SUSPICIOUS_MOVE = YES;
				CLANG_WARN_UNGUARDED_AVAILABILITY = YES_AGGRESSIVE;
				CLANG_WARN_UNREACHABLE_CODE = YES;
				CLANG_WARN__DUPLICATE_METHOD_MATCH = YES;
				COPY_PHASE_STRIP = NO;
				DEBUG_INFORMATION_FORMAT = dwarf;
				ENABLE_STRICT_OBJC_MSGSEND = YES;
				ENABLE_TESTABILITY = YES;
				ENABLE_USER_SCRIPT_SANDBOXING = YES;
				GCC_C_LANGUAGE_STANDARD = gnu17;
				GCC_DYNAMIC_NO_PIC = NO;
				GCC_NO_COMMON_BLOCKS = YES;
				GCC_OPTIMIZATION_LEVEL = 0;
				GCC_PREPROCESSOR_DEFINITIONS = (
					"DEBUG=1",
					"$(inherited)",
				);
				GCC_WARN_64_TO_32_BIT_CONVERSION = YES;
				GCC_WARN_ABOUT_RETURN_TYPE = YES_ERROR;
				GCC_WARN_UNDECLARED_SELECTOR = YES;
				GCC_WARN_UNINITIALIZED_AUTOS = YES_AGGRESSIVE;
				GCC_WARN_UNUSED_FUNCTION = YES;
				GCC_WARN_UNUSED_VARIABLE = YES;
				LOCALIZATION_PREFERS_STRING_CATALOGS = YES;
				MTL_ENABLE_DEBUG_INFO = INCLUDE_SOURCE;
				MTL_FAST_MATH = YES;
				ONLY_ACTIVE_ARCH = YES;
				SWIFT_ACTIVE_COMPILATION_CONDITIONS = "DEBUG $(inherited)";
				SWIFT_OPTIMIZATION_LEVEL = "-Onone";
			};
			name = Debug;
		};
		1215ED932BAA34E2009B5B01 /* Release */ = {
			isa = XCBuildConfiguration;
			buildSettings = {
				ALWAYS_SEARCH_USER_PATHS = NO;
				ASSETCATALOG_COMPILER_GENERATE_SWIFT_ASSET_SYMBOL_EXTENSIONS = YES;
				CLANG_ANALYZER_NONNULL = YES;
				CLANG_ANALYZER_NUMBER_OBJECT_CONVERSION = YES_AGGRESSIVE;
				CLANG_CXX_LANGUAGE_STANDARD = "gnu++20";
				CLANG_ENABLE_MODULES = YES;
				CLANG_ENABLE_OBJC_ARC = YES;
				CLANG_ENABLE_OBJC_WEAK = YES;
				CLANG_WARN_BLOCK_CAPTURE_AUTORELEASING = YES;
				CLANG_WARN_BOOL_CONVERSION = YES;
				CLANG_WARN_COMMA = YES;
				CLANG_WARN_CONSTANT_CONVERSION = YES;
				CLANG_WARN_DEPRECATED_OBJC_IMPLEMENTATIONS = YES;
				CLANG_WARN_DIRECT_OBJC_ISA_USAGE = YES_ERROR;
				CLANG_WARN_DOCUMENTATION_COMMENTS = YES;
				CLANG_WARN_EMPTY_BODY = YES;
				CLANG_WARN_ENUM_CONVERSION = YES;
				CLANG_WARN_INFINITE_RECURSION = YES;
				CLANG_WARN_INT_CONVERSION = YES;
				CLANG_WARN_NON_LITERAL_NULL_CONVERSION = YES;
				CLANG_WARN_OBJC_IMPLICIT_RETAIN_SELF = YES;
				CLANG_WARN_OBJC_LITERAL_CONVERSION = YES;
				CLANG_WARN_OBJC_ROOT_CLASS = YES_ERROR;
				CLANG_WARN_QUOTED_INCLUDE_IN_FRAMEWORK_HEADER = YES;
				CLANG_WARN_RANGE_LOOP_ANALYSIS = YES;
				CLANG_WARN_STRICT_PROTOTYPES = YES;
				CLANG_WARN_SUSPICIOUS_MOVE = YES;
				CLANG_WARN_UNGUARDED_AVAILABILITY = YES_AGGRESSIVE;
				CLANG_WARN_UNREACHABLE_CODE = YES;
				CLANG_WARN__DUPLICATE_METHOD_MATCH = YES;
				COPY_PHASE_STRIP = NO;
				DEBUG_INFORMATION_FORMAT = "dwarf-with-dsym";
				ENABLE_NS_ASSERTIONS = NO;
				ENABLE_STRICT_OBJC_MSGSEND = YES;
				ENABLE_USER_SCRIPT_SANDBOXING = YES;
				GCC_C_LANGUAGE_STANDARD = gnu17;
				GCC_NO_COMMON_BLOCKS = YES;
				GCC_WARN_64_TO_32_BIT_CONVERSION = YES;
				GCC_WARN_ABOUT_RETURN_TYPE = YES_ERROR;
				GCC_WARN_UNDECLARED_SELECTOR = YES;
				GCC_WARN_UNINITIALIZED_AUTOS = YES_AGGRESSIVE;
				GCC_WARN_UNUSED_FUNCTION = YES;
				GCC_WARN_UNUSED_VARIABLE = YES;
				LOCALIZATION_PREFERS_STRING_CATALOGS = YES;
				MTL_ENABLE_DEBUG_INFO = NO;
				MTL_FAST_MATH = YES;
				SWIFT_COMPILATION_MODE = wholemodule;
			};
			name = Release;
		};
		1215ED952BAA34E2009B5B01 /* Debug */ = {
			isa = XCBuildConfiguration;
			buildSettings = {
				ASSETCATALOG_COMPILER_APPICON_NAME = AppIcon;
				ASSETCATALOG_COMPILER_GLOBAL_ACCENT_COLOR_NAME = AccentColor;
				CODE_SIGN_ENTITLEMENTS = SavySpend/SavySpend.entitlements;
				CODE_SIGN_STYLE = Automatic;
				CURRENT_PROJECT_VERSION = 1;
				DEVELOPMENT_ASSET_PATHS = "\"SavySpend/Preview Content\"";
				DEVELOPMENT_TEAM = 8QQYNTY523;
				ENABLE_HARDENED_RUNTIME = YES;
				ENABLE_PREVIEWS = YES;
				GENERATE_INFOPLIST_FILE = YES;
				"INFOPLIST_KEY_UIApplicationSceneManifest_Generation[sdk=iphoneos*]" = YES;
				"INFOPLIST_KEY_UIApplicationSceneManifest_Generation[sdk=iphonesimulator*]" = YES;
				"INFOPLIST_KEY_UIApplicationSupportsIndirectInputEvents[sdk=iphoneos*]" = YES;
				"INFOPLIST_KEY_UIApplicationSupportsIndirectInputEvents[sdk=iphonesimulator*]" = YES;
				"INFOPLIST_KEY_UILaunchScreen_Generation[sdk=iphoneos*]" = YES;
				"INFOPLIST_KEY_UILaunchScreen_Generation[sdk=iphonesimulator*]" = YES;
				"INFOPLIST_KEY_UIStatusBarStyle[sdk=iphoneos*]" = UIStatusBarStyleDefault;
				"INFOPLIST_KEY_UIStatusBarStyle[sdk=iphonesimulator*]" = UIStatusBarStyleDefault;
				INFOPLIST_KEY_UISupportedInterfaceOrientations_iPad = "UIInterfaceOrientationPortrait UIInterfaceOrientationPortraitUpsideDown UIInterfaceOrientationLandscapeLeft UIInterfaceOrientationLandscapeRight";
				INFOPLIST_KEY_UISupportedInterfaceOrientations_iPhone = "UIInterfaceOrientationPortrait UIInterfaceOrientationLandscapeLeft UIInterfaceOrientationLandscapeRight";
				IPHONEOS_DEPLOYMENT_TARGET = 17.4;
				LD_RUNPATH_SEARCH_PATHS = "@executable_path/Frameworks";
				"LD_RUNPATH_SEARCH_PATHS[sdk=macosx*]" = "@executable_path/../Frameworks";
				MACOSX_DEPLOYMENT_TARGET = 14.4;
				MARKETING_VERSION = 1.0;
				PRODUCT_BUNDLE_IDENTIFIER = com.weldtactics.SavySpend;
				PRODUCT_NAME = "$(TARGET_NAME)";
				SDKROOT = auto;
				SUPPORTED_PLATFORMS = "iphoneos iphonesimulator macosx";
				SWIFT_EMIT_LOC_STRINGS = YES;
				SWIFT_VERSION = 5.0;
				TARGETED_DEVICE_FAMILY = "1,2";
			};
			name = Debug;
		};
		1215ED962BAA34E2009B5B01 /* Release */ = {
			isa = XCBuildConfiguration;
			buildSettings = {
				ASSETCATALOG_COMPILER_APPICON_NAME = AppIcon;
				ASSETCATALOG_COMPILER_GLOBAL_ACCENT_COLOR_NAME = AccentColor;
				CODE_SIGN_ENTITLEMENTS = SavySpend/SavySpend.entitlements;
				CODE_SIGN_STYLE = Automatic;
				CURRENT_PROJECT_VERSION = 1;
				DEVELOPMENT_ASSET_PATHS = "\"SavySpend/Preview Content\"";
				DEVELOPMENT_TEAM = 8QQYNTY523;
				ENABLE_HARDENED_RUNTIME = YES;
				ENABLE_PREVIEWS = YES;
				GENERATE_INFOPLIST_FILE = YES;
				"INFOPLIST_KEY_UIApplicationSceneManifest_Generation[sdk=iphoneos*]" = YES;
				"INFOPLIST_KEY_UIApplicationSceneManifest_Generation[sdk=iphonesimulator*]" = YES;
				"INFOPLIST_KEY_UIApplicationSupportsIndirectInputEvents[sdk=iphoneos*]" = YES;
				"INFOPLIST_KEY_UIApplicationSupportsIndirectInputEvents[sdk=iphonesimulator*]" = YES;
				"INFOPLIST_KEY_UILaunchScreen_Generation[sdk=iphoneos*]" = YES;
				"INFOPLIST_KEY_UILaunchScreen_Generation[sdk=iphonesimulator*]" = YES;
				"INFOPLIST_KEY_UIStatusBarStyle[sdk=iphoneos*]" = UIStatusBarStyleDefault;
				"INFOPLIST_KEY_UIStatusBarStyle[sdk=iphonesimulator*]" = UIStatusBarStyleDefault;
				INFOPLIST_KEY_UISupportedInterfaceOrientations_iPad = "UIInterfaceOrientationPortrait UIInterfaceOrientationPortraitUpsideDown UIInterfaceOrientationLandscapeLeft UIInterfaceOrientationLandscapeRight";
				INFOPLIST_KEY_UISupportedInterfaceOrientations_iPhone = "UIInterfaceOrientationPortrait UIInterfaceOrientationLandscapeLeft UIInterfaceOrientationLandscapeRight";
				IPHONEOS_DEPLOYMENT_TARGET = 17.4;
				LD_RUNPATH_SEARCH_PATHS = "@executable_path/Frameworks";
				"LD_RUNPATH_SEARCH_PATHS[sdk=macosx*]" = "@executable_path/../Frameworks";
				MACOSX_DEPLOYMENT_TARGET = 14.4;
				MARKETING_VERSION = 1.0;
				PRODUCT_BUNDLE_IDENTIFIER = com.weldtactics.SavySpend;
				PRODUCT_NAME = "$(TARGET_NAME)";
				SDKROOT = auto;
				SUPPORTED_PLATFORMS = "iphoneos iphonesimulator macosx";
				SWIFT_EMIT_LOC_STRINGS = YES;
				SWIFT_VERSION = 5.0;
				TARGETED_DEVICE_FAMILY = "1,2";
			};
			name = Release;
		};
		1215ED982BAA34E2009B5B01 /* Debug */ = {
			isa = XCBuildConfiguration;
			buildSettings = {
				ALWAYS_EMBED_SWIFT_STANDARD_LIBRARIES = YES;
				BUNDLE_LOADER = "$(TEST_HOST)";
				CODE_SIGN_STYLE = Automatic;
				CURRENT_PROJECT_VERSION = 1;
				DEVELOPMENT_TEAM = 8QQYNTY523;
				GENERATE_INFOPLIST_FILE = YES;
				IPHONEOS_DEPLOYMENT_TARGET = 17.4;
				MACOSX_DEPLOYMENT_TARGET = 14.4;
				MARKETING_VERSION = 1.0;
				PRODUCT_BUNDLE_IDENTIFIER = com.weldtactics.SavySpendTests;
				PRODUCT_NAME = "$(TARGET_NAME)";
				SDKROOT = auto;
				SUPPORTED_PLATFORMS = "iphoneos iphonesimulator macosx";
				SWIFT_EMIT_LOC_STRINGS = NO;
				SWIFT_VERSION = 5.0;
				TARGETED_DEVICE_FAMILY = "1,2";
				TEST_HOST = "$(BUILT_PRODUCTS_DIR)/SavySpend.app/$(BUNDLE_EXECUTABLE_FOLDER_PATH)/SavySpend";
			};
			name = Debug;
		};
		1215ED992BAA34E2009B5B01 /* Release */ = {
			isa = XCBuildConfiguration;
			buildSettings = {
				ALWAYS_EMBED_SWIFT_STANDARD_LIBRARIES = YES;
				BUNDLE_LOADER = "$(TEST_HOST)";
				CODE_SIGN_STYLE = Automatic;
				CURRENT_PROJECT_VERSION = 1;
				DEVELOPMENT_TEAM = 8QQYNTY523;
				GENERATE_INFOPLIST_FILE = YES;
				IPHONEOS_DEPLOYMENT_TARGET = 17.4;
				MACOSX_DEPLOYMENT_TARGET = 14.4;
				MARKETING_VERSION = 1.0;
				PRODUCT_BUNDLE_IDENTIFIER = com.weldtactics.SavySpendTests;
				PRODUCT_NAME = "$(TARGET_NAME)";
				SDKROOT = auto;
				SUPPORTED_PLATFORMS = "iphoneos iphonesimulator macosx";
				SWIFT_EMIT_LOC_STRINGS = NO;
				SWIFT_VERSION = 5.0;
				TARGETED_DEVICE_FAMILY = "1,2";
				TEST_HOST = "$(BUILT_PRODUCTS_DIR)/SavySpend.app/$(BUNDLE_EXECUTABLE_FOLDER_PATH)/SavySpend";
			};
			name = Release;
		};
		1215ED9B2BAA34E2009B5B01 /* Debug */ = {
			isa = XCBuildConfiguration;
			buildSettings = {
				ALWAYS_EMBED_SWIFT_STANDARD_LIBRARIES = YES;
				CODE_SIGN_STYLE = Automatic;
				CURRENT_PROJECT_VERSION = 1;
				DEVELOPMENT_TEAM = 8QQYNTY523;
				GENERATE_INFOPLIST_FILE = YES;
				IPHONEOS_DEPLOYMENT_TARGET = 17.4;
				MACOSX_DEPLOYMENT_TARGET = 14.4;
				MARKETING_VERSION = 1.0;
				PRODUCT_BUNDLE_IDENTIFIER = com.weldtactics.SavySpendUITests;
				PRODUCT_NAME = "$(TARGET_NAME)";
				SDKROOT = auto;
				SUPPORTED_PLATFORMS = "iphoneos iphonesimulator macosx";
				SWIFT_EMIT_LOC_STRINGS = NO;
				SWIFT_VERSION = 5.0;
				TARGETED_DEVICE_FAMILY = "1,2";
				TEST_TARGET_NAME = SavySpend;
			};
			name = Debug;
		};
		1215ED9C2BAA34E2009B5B01 /* Release */ = {
			isa = XCBuildConfiguration;
			buildSettings = {
				ALWAYS_EMBED_SWIFT_STANDARD_LIBRARIES = YES;
				CODE_SIGN_STYLE = Automatic;
				CURRENT_PROJECT_VERSION = 1;
				DEVELOPMENT_TEAM = 8QQYNTY523;
				GENERATE_INFOPLIST_FILE = YES;
				IPHONEOS_DEPLOYMENT_TARGET = 17.4;
				MACOSX_DEPLOYMENT_TARGET = 14.4;
				MARKETING_VERSION = 1.0;
				PRODUCT_BUNDLE_IDENTIFIER = com.weldtactics.SavySpendUITests;
				PRODUCT_NAME = "$(TARGET_NAME)";
				SDKROOT = auto;
				SUPPORTED_PLATFORMS = "iphoneos iphonesimulator macosx";
				SWIFT_EMIT_LOC_STRINGS = NO;
				SWIFT_VERSION = 5.0;
				TARGETED_DEVICE_FAMILY = "1,2";
				TEST_TARGET_NAME = SavySpend;
			};
			name = Release;
		};
/* End XCBuildConfiguration section */

/* Begin XCConfigurationList section */
		1215ED6A2BAA34E0009B5B01 /* Build configuration list for PBXProject "SavySpend" */ = {
			isa = XCConfigurationList;
			buildConfigurations = (
				1215ED922BAA34E2009B5B01 /* Debug */,
				1215ED932BAA34E2009B5B01 /* Release */,
			);
			defaultConfigurationIsVisible = 0;
			defaultConfigurationName = Release;
		};
		1215ED942BAA34E2009B5B01 /* Build configuration list for PBXNativeTarget "SavySpend" */ = {
			isa = XCConfigurationList;
			buildConfigurations = (
				1215ED952BAA34E2009B5B01 /* Debug */,
				1215ED962BAA34E2009B5B01 /* Release */,
			);
			defaultConfigurationIsVisible = 0;
			defaultConfigurationName = Release;
		};
		1215ED972BAA34E2009B5B01 /* Build configuration list for PBXNativeTarget "SavySpendTests" */ = {
			isa = XCConfigurationList;
			buildConfigurations = (
				1215ED982BAA34E2009B5B01 /* Debug */,
				1215ED992BAA34E2009B5B01 /* Release */,
			);
			defaultConfigurationIsVisible = 0;
			defaultConfigurationName = Release;
		};
		1215ED9A2BAA34E2009B5B01 /* Build configuration list for PBXNativeTarget "SavySpendUITests" */ = {
			isa = XCConfigurationList;
			buildConfigurations = (
				1215ED9B2BAA34E2009B5B01 /* Debug */,
				1215ED9C2BAA34E2009B5B01 /* Release */,
			);
			defaultConfigurationIsVisible = 0;
			defaultConfigurationName = Release;
		};
/* End XCConfigurationList section */
	};
	rootObject = 1215ED672BAA34E0009B5B01 /* Project object */;
}
